
Microsoft Visual Studio Solution File, Format Version 12.00
# Visual Studio Version 17
VisualStudioVersion = 17.2.32616.157
MinimumVisualStudioVersion = 10.0.40219.1
Project("{9A19103F-16F7-4668-BE54-9A1E7A4F7556}") = "Farapayamak", "Farapayamak\Farapayamak.csproj", "{089AE2DE-021D-4A73-A099-776CB05A4873}"
EndProject
Project("{FAE04EC0-301F-11D3-BF4B-00C04F79EFBC}") = "Farapayamak.Sample", "Farapayamak.Sample\Farapayamak.Sample.csproj", "{CBF63BC8-5AF5-4935-8A20-EA3170D016DF}"
EndProject
Global
	GlobalSection(SolutionConfigurationPlatforms) = preSolution
		Debug|Any CPU = Debug|Any CPU
		Release|Any CPU = Release|Any CPU
	EndGlobalSection
	GlobalSection(ProjectConfigurationPlatforms) = postSolution
		{089AE2DE-021D-4A73-A099-776CB05A4873}.Debug|Any CPU.ActiveCfg = Debug|Any CPU
		{089AE2DE-021D-4A73-A099-776CB05A4873}.Debug|Any CPU.Build.0 = Debug|Any CPU
		{089AE2DE-021D-4A73-A099-776CB05A4873}.Release|Any CPU.ActiveCfg = Release|Any CPU
		{089AE2DE-021D-4A73-A099-776CB05A4873}.Release|Any CPU.Build.0 = Release|Any CPU
		{CBF63BC8-5AF5-4935-8A20-EA3170D016DF}.Debug|Any CPU.ActiveCfg = Debug|Any CPU
		{CBF63BC8-5AF5-4935-8A20-EA3170D016DF}.Debug|Any CPU.Build.0 = Debug|Any CPU
		{CBF63BC8-5AF5-4935-8A20-EA3170D016DF}.Release|Any CPU.ActiveCfg = Release|Any CPU
		{CBF63BC8-5AF5-4935-8A20-EA3170D016DF}.Release|Any CPU.Build.0 = Release|Any CPU
	EndGlobalSection
	GlobalSection(SolutionProperties) = preSolution
		HideSolutionNode = FALSE
	EndGlobalSection
	GlobalSection(ExtensibilityGlobals) = postSolution
		SolutionGuid = {E943C935-E13D-4F05-9148-D8864C4FFB65}
	EndGlobalSection
EndGlobal
